
Microsoft Visual Studio Solution File, Format Version 12.00
# Visual Studio Version 16
VisualStudioVersion = 16.0.31424.327
MinimumVisualStudioVersion = 10.0.40219.1
Project("{FAE04EC0-301F-11D3-BF4B-00C04F79EFBC}") = "DatabaseImageProject", "DatabaseImageProject\DatabaseImageProject.csproj", "{0A010B76-AD57-4EC3-A550-9394DB6A457D}"
EndProject
Global
	GlobalSection(SolutionConfigurationPlatforms) = preSolution
		Debug|Any CPU = Debug|Any CPU
		Release|Any CPU = Release|Any CPU
	EndGlobalSection
	GlobalSection(ProjectConfigurationPlatforms) = postSolution
		{0A010B76-AD57-4EC3-A550-9394DB6A457D}.Debug|Any CPU.ActiveCfg = Debug|Any CPU
		{0A010B76-AD57-4EC3-A550-9394DB6A457D}.Debug|Any CPU.Build.0 = Debug|Any CPU
		{0A010B76-AD57-4EC3-A550-9394DB6A457D}.Release|Any CPU.ActiveCfg = Release|Any CPU
		{0A010B76-AD57-4EC3-A550-9394DB6A457D}.Release|Any CPU.Build.0 = Release|Any CPU
	EndGlobalSection
	GlobalSection(SolutionProperties) = preSolution
		HideSolutionNode = FALSE
	EndGlobalSection
	GlobalSection(ExtensibilityGlobals) = postSolution
		SolutionGuid = {D62AAC33-AF6D-4078-AE1D-D54E9AEAFD86}
	EndGlobalSection
EndGlobal
