
Microsoft Visual Studio Solution File, Format Version 12.00
# Visual Studio Version 16
VisualStudioVersion = 16.0.31424.327
MinimumVisualStudioVersion = 10.0.40219.1
Project("{FAE04EC0-301F-11D3-BF4B-00C04F79EFBC}") = "07_Mvc_Layout_01", "07_Mvc_Layout_01\07_Mvc_Layout_01.csproj", "{2D25A006-FBD2-4FC7-8357-D5A1E8A6BED2}"
EndProject
Global
	GlobalSection(SolutionConfigurationPlatforms) = preSolution
		Debug|Any CPU = Debug|Any CPU
		Release|Any CPU = Release|Any CPU
	EndGlobalSection
	GlobalSection(ProjectConfigurationPlatforms) = postSolution
		{2D25A006-FBD2-4FC7-8357-D5A1E8A6BED2}.Debug|Any CPU.ActiveCfg = Debug|Any CPU
		{2D25A006-FBD2-4FC7-8357-D5A1E8A6BED2}.Debug|Any CPU.Build.0 = Debug|Any CPU
		{2D25A006-FBD2-4FC7-8357-D5A1E8A6BED2}.Release|Any CPU.ActiveCfg = Release|Any CPU
		{2D25A006-FBD2-4FC7-8357-D5A1E8A6BED2}.Release|Any CPU.Build.0 = Release|Any CPU
	EndGlobalSection
	GlobalSection(SolutionProperties) = preSolution
		HideSolutionNode = FALSE
	EndGlobalSection
	GlobalSection(ExtensibilityGlobals) = postSolution
		SolutionGuid = {DE19AA73-2F5A-41E9-A205-06DFEBF8D95E}
	EndGlobalSection
EndGlobal
