
Microsoft Visual Studio Solution File, Format Version 12.00
# Visual Studio Version 16
VisualStudioVersion = 16.0.31424.327
MinimumVisualStudioVersion = 10.0.40219.1
Project("{FAE04EC0-301F-11D3-BF4B-00C04F79EFBC}") = "05_Mvc_03", "05_Mvc_03\05_Mvc_03.csproj", "{3155EF42-C2E4-4F8E-A427-F3B58FE3798F}"
EndProject
Global
	GlobalSection(SolutionConfigurationPlatforms) = preSolution
		Debug|Any CPU = Debug|Any CPU
		Release|Any CPU = Release|Any CPU
	EndGlobalSection
	GlobalSection(ProjectConfigurationPlatforms) = postSolution
		{3155EF42-C2E4-4F8E-A427-F3B58FE3798F}.Debug|Any CPU.ActiveCfg = Debug|Any CPU
		{3155EF42-C2E4-4F8E-A427-F3B58FE3798F}.Debug|Any CPU.Build.0 = Debug|Any CPU
		{3155EF42-C2E4-4F8E-A427-F3B58FE3798F}.Release|Any CPU.ActiveCfg = Release|Any CPU
		{3155EF42-C2E4-4F8E-A427-F3B58FE3798F}.Release|Any CPU.Build.0 = Release|Any CPU
	EndGlobalSection
	GlobalSection(SolutionProperties) = preSolution
		HideSolutionNode = FALSE
	EndGlobalSection
	GlobalSection(ExtensibilityGlobals) = postSolution
		SolutionGuid = {B0B5E65D-3343-409F-AA37-89CE13E9DBCE}
	EndGlobalSection
EndGlobal
