
Microsoft Visual Studio Solution File, Format Version 12.00
# Visual Studio Version 16
VisualStudioVersion = 16.0.31424.327
MinimumVisualStudioVersion = 10.0.40219.1
Project("{FAE04EC0-301F-11D3-BF4B-00C04F79EFBC}") = "02_WithVisualStudioProject", "02_WithVisualStudioProject\02_WithVisualStudioProject.csproj", "{639F8DD8-A6D9-41FB-AC16-2C8E0ABF610B}"
EndProject
Global
	GlobalSection(SolutionConfigurationPlatforms) = preSolution
		Debug|Any CPU = Debug|Any CPU
		Release|Any CPU = Release|Any CPU
	EndGlobalSection
	GlobalSection(ProjectConfigurationPlatforms) = postSolution
		{639F8DD8-A6D9-41FB-AC16-2C8E0ABF610B}.Debug|Any CPU.ActiveCfg = Debug|Any CPU
		{639F8DD8-A6D9-41FB-AC16-2C8E0ABF610B}.Debug|Any CPU.Build.0 = Debug|Any CPU
		{639F8DD8-A6D9-41FB-AC16-2C8E0ABF610B}.Release|Any CPU.ActiveCfg = Release|Any CPU
		{639F8DD8-A6D9-41FB-AC16-2C8E0ABF610B}.Release|Any CPU.Build.0 = Release|Any CPU
	EndGlobalSection
	GlobalSection(SolutionProperties) = preSolution
		HideSolutionNode = FALSE
	EndGlobalSection
	GlobalSection(ExtensibilityGlobals) = postSolution
		SolutionGuid = {B862B1C0-725F-4719-A143-7190AF5C6362}
	EndGlobalSection
EndGlobal
